
Microsoft Visual Studio Solution File, Format Version 12.00
# Visual Studio Version 17
VisualStudioVersion = 17.7.34202.233
MinimumVisualStudioVersion = 10.0.40219.1
Project("{8BC9CEB8-8B4A-11D0-8D11-00A0C91BC942}") = "Testing C++ (Visual Studio)", "Testing C++ (Visual Studio).vcxproj", "{49640831-633B-4CCD-BF2D-30230CEB4EA7}"
EndProject
Global
	GlobalSection(SolutionConfigurationPlatforms) = preSolution
		Debug|x64 = Debug|x64
		Debug|x86 = Debug|x86
		Release|x64 = Release|x64
		Release|x86 = Release|x86
	EndGlobalSection
	GlobalSection(ProjectConfigurationPlatforms) = postSolution
		{49640831-633B-4CCD-BF2D-30230CEB4EA7}.Debug|x64.ActiveCfg = Debug|x64
		{49640831-633B-4CCD-BF2D-30230CEB4EA7}.Debug|x64.Build.0 = Debug|x64
		{49640831-633B-4CCD-BF2D-30230CEB4EA7}.Debug|x86.ActiveCfg = Debug|Win32
		{49640831-633B-4CCD-BF2D-30230CEB4EA7}.Debug|x86.Build.0 = Debug|Win32
		{49640831-633B-4CCD-BF2D-30230CEB4EA7}.Release|x64.ActiveCfg = Release|x64
		{49640831-633B-4CCD-BF2D-30230CEB4EA7}.Release|x64.Build.0 = Release|x64
		{49640831-633B-4CCD-BF2D-30230CEB4EA7}.Release|x86.ActiveCfg = Release|Win32
		{49640831-633B-4CCD-BF2D-30230CEB4EA7}.Release|x86.Build.0 = Release|Win32
	EndGlobalSection
	GlobalSection(SolutionProperties) = preSolution
		HideSolutionNode = FALSE
	EndGlobalSection
	GlobalSection(ExtensibilityGlobals) = postSolution
		SolutionGuid = {36BF5FB2-2555-4C35-8F65-D0668D2C6F50}
	EndGlobalSection
EndGlobal
